
Microsoft Visual Studio Solution File, Format Version 12.00
# Visual Studio Version 17
VisualStudioVersion = 17.10.35122.118
MinimumVisualStudioVersion = 10.0.40219.1
Project("{8BC9CEB8-8B4A-11D0-8D11-00A0C91BC942}") = "Okaso", "Okaso\Okaso.vcxproj", "{9D441415-8926-4DE1-9345-B089BA10EB33}"
EndProject
Project("{8BC9CEB8-8B4A-11D0-8D11-00A0C91BC942}") = "Game", "Game\Game.vcxproj", "{84BAA962-288F-45E3-A91A-0B1AA8C22889}"
	ProjectSection(ProjectDependencies) = postProject
		{9D441415-8926-4DE1-9345-B089BA10EB33} = {9D441415-8926-4DE1-9345-B089BA10EB33}
	EndProjectSection
EndProject
Global
	GlobalSection(SolutionConfigurationPlatforms) = preSolution
		Debug|x64 = Debug|x64
		Debug|x86 = Debug|x86
		Release|x64 = Release|x64
		Release|x86 = Release|x86
	EndGlobalSection
	GlobalSection(ProjectConfigurationPlatforms) = postSolution
		{9D441415-8926-4DE1-9345-B089BA10EB33}.Debug|x64.ActiveCfg = Debug|x64
		{9D441415-8926-4DE1-9345-B089BA10EB33}.Debug|x64.Build.0 = Debug|x64
		{9D441415-8926-4DE1-9345-B089BA10EB33}.Debug|x86.ActiveCfg = Debug|Win32
		{9D441415-8926-4DE1-9345-B089BA10EB33}.Debug|x86.Build.0 = Debug|Win32
		{9D441415-8926-4DE1-9345-B089BA10EB33}.Release|x64.ActiveCfg = Release|x64
		{9D441415-8926-4DE1-9345-B089BA10EB33}.Release|x64.Build.0 = Release|x64
		{9D441415-8926-4DE1-9345-B089BA10EB33}.Release|x86.ActiveCfg = Release|Win32
		{9D441415-8926-4DE1-9345-B089BA10EB33}.Release|x86.Build.0 = Release|Win32
		{84BAA962-288F-45E3-A91A-0B1AA8C22889}.Debug|x64.ActiveCfg = Debug|x64
		{84BAA962-288F-45E3-A91A-0B1AA8C22889}.Debug|x64.Build.0 = Debug|x64
		{84BAA962-288F-45E3-A91A-0B1AA8C22889}.Debug|x86.ActiveCfg = Debug|Win32
		{84BAA962-288F-45E3-A91A-0B1AA8C22889}.Debug|x86.Build.0 = Debug|Win32
		{84BAA962-288F-45E3-A91A-0B1AA8C22889}.Release|x64.ActiveCfg = Release|x64
		{84BAA962-288F-45E3-A91A-0B1AA8C22889}.Release|x64.Build.0 = Release|x64
		{84BAA962-288F-45E3-A91A-0B1AA8C22889}.Release|x86.ActiveCfg = Release|Win32
		{84BAA962-288F-45E3-A91A-0B1AA8C22889}.Release|x86.Build.0 = Release|Win32
	EndGlobalSection
	GlobalSection(SolutionProperties) = preSolution
		HideSolutionNode = FALSE
	EndGlobalSection
	GlobalSection(ExtensibilityGlobals) = postSolution
		SolutionGuid = {F7CB8990-9E74-4EEE-BBD8-8463418C73D3}
	EndGlobalSection
EndGlobal
